
Microsoft Visual Studio Solution File, Format Version 12.00
# Visual Studio 15
VisualStudioVersion = 15.0.28307.1082
MinimumVisualStudioVersion = 10.0.40219.1
Project("{8BC9CEB8-8B4A-11D0-8D11-00A0C91BC942}") = "LeetCode_03", "LeetCode_03\LeetCode_03.vcxproj", "{19B4500C-D549-40E9-BFA0-C8AEED16BABA}"
EndProject
Project("{8BC9CEB8-8B4A-11D0-8D11-00A0C91BC942}") = "LeetCode_04", "LeetCode_04\LeetCode_04.vcxproj", "{47906E95-D637-4239-8791-56BC7A040403}"
EndProject
Project("{8BC9CEB8-8B4A-11D0-8D11-00A0C91BC942}") = "LeetCode_997", "LeetCode_997\LeetCode_997.vcxproj", "{15CCF53B-EBC6-4FBA-A2EC-F1EF054DD6A0}"
EndProject
Project("{8BC9CEB8-8B4A-11D0-8D11-00A0C91BC942}") = "LeetCode_463", "LeetCode_463\LeetCode_463.vcxproj", "{EF29215E-94BA-406C-9E6A-5938FC47C128}"
EndProject
Project("{8BC9CEB8-8B4A-11D0-8D11-00A0C91BC942}") = "LeetCode_941", "LeetCode_941\LeetCode_941.vcxproj", "{6D211043-7A0A-4972-B1A5-8E8166B80DD2}"
EndProject
Project("{8BC9CEB8-8B4A-11D0-8D11-00A0C91BC942}") = "LeetCode_057", "LeetCode_057\LeetCode_057.vcxproj", "{AAF1C6C4-72F1-4517-BD17-3FEA099749A7}"
EndProject
Project("{8BC9CEB8-8B4A-11D0-8D11-00A0C91BC942}") = "LeetCode_1208", "LeetCode_1208\LeetCode_1208.vcxproj", "{F6397654-3F20-479C-A633-2B49675CB517}"
EndProject
Project("{8BC9CEB8-8B4A-11D0-8D11-00A0C91BC942}") = "LeetCode_048", "LeetCode_048\LeetCode_048.vcxproj", "{4229ED09-C7E2-4BB8-9856-E4685244A7F7}"
EndProject
Project("{8BC9CEB8-8B4A-11D0-8D11-00A0C91BC942}") = "LeetCode_154", "LeetCode_154\LeetCode_154.vcxproj", "{15B53F9C-5148-4BE6-8C67-CB8C851FDB2C}"
EndProject
Project("{8BC9CEB8-8B4A-11D0-8D11-00A0C91BC942}") = "LeetCode_Offer038", "LeetCode_Offer038\LeetCode_Offer038.vcxproj", "{00503AEE-84F0-4B0A-B3A7-578248BB14C3}"
EndProject
Project("{8BC9CEB8-8B4A-11D0-8D11-00A0C91BC942}") = "LeetCode_1646", "LeetCode_1646\LeetCode_1646.vcxproj", "{A1D06477-3363-4038-B20E-B3BD3A29DCB8}"
EndProject
Project("{8BC9CEB8-8B4A-11D0-8D11-00A0C91BC942}") = "LeetCode_1317", "LeetCode_1317\LeetCode_1317.vcxproj", "{C1625DAF-9B02-4BEA-9CD9-A64886450B72}"
EndProject
Project("{8BC9CEB8-8B4A-11D0-8D11-00A0C91BC942}") = "LeetCode_1593", "LeetCode_1593\LeetCode_1593.vcxproj", "{890816BC-2DFE-4E41-8FDF-F05C4E33D267}"
EndProject
Project("{8BC9CEB8-8B4A-11D0-8D11-00A0C91BC942}") = "LeetCode_Temp", "LeetCode_Temp\LeetCode_Temp.vcxproj", "{B1B284B9-C172-423B-A81E-50AC257D49E4}"
EndProject
Project("{8BC9CEB8-8B4A-11D0-8D11-00A0C91BC942}") = "LeetCode_447", "LeetCode_447\LeetCode_447.vcxproj", "{E88611EA-E989-4D26-B726-1AFE5310BB3A}"
EndProject
Project("{8BC9CEB8-8B4A-11D0-8D11-00A0C91BC942}") = "LeetCode_237", "LeetCode_237\LeetCode_237.vcxproj", "{CC22132C-E18E-48FF-BDCC-C46C1D827B3B}"
EndProject
Project("{8BC9CEB8-8B4A-11D0-8D11-00A0C91BC942}") = "LeetCode_047", "LeetCode_047\LeetCode_047.vcxproj", "{2067E884-90DB-4CFD-AF37-12908F4BB80E}"
EndProject
Global
	GlobalSection(SolutionConfigurationPlatforms) = preSolution
		Debug|x64 = Debug|x64
		Debug|x86 = Debug|x86
		Release|x64 = Release|x64
		Release|x86 = Release|x86
	EndGlobalSection
	GlobalSection(ProjectConfigurationPlatforms) = postSolution
		{19B4500C-D549-40E9-BFA0-C8AEED16BABA}.Debug|x64.ActiveCfg = Debug|x64
		{19B4500C-D549-40E9-BFA0-C8AEED16BABA}.Debug|x64.Build.0 = Debug|x64
		{19B4500C-D549-40E9-BFA0-C8AEED16BABA}.Debug|x86.ActiveCfg = Debug|Win32
		{19B4500C-D549-40E9-BFA0-C8AEED16BABA}.Debug|x86.Build.0 = Debug|Win32
		{19B4500C-D549-40E9-BFA0-C8AEED16BABA}.Release|x64.ActiveCfg = Release|x64
		{19B4500C-D549-40E9-BFA0-C8AEED16BABA}.Release|x64.Build.0 = Release|x64
		{19B4500C-D549-40E9-BFA0-C8AEED16BABA}.Release|x86.ActiveCfg = Release|Win32
		{19B4500C-D549-40E9-BFA0-C8AEED16BABA}.Release|x86.Build.0 = Release|Win32
		{47906E95-D637-4239-8791-56BC7A040403}.Debug|x64.ActiveCfg = Debug|x64
		{47906E95-D637-4239-8791-56BC7A040403}.Debug|x64.Build.0 = Debug|x64
		{47906E95-D637-4239-8791-56BC7A040403}.Debug|x86.ActiveCfg = Debug|Win32
		{47906E95-D637-4239-8791-56BC7A040403}.Debug|x86.Build.0 = Debug|Win32
		{47906E95-D637-4239-8791-56BC7A040403}.Release|x64.ActiveCfg = Release|x64
		{47906E95-D637-4239-8791-56BC7A040403}.Release|x64.Build.0 = Release|x64
		{47906E95-D637-4239-8791-56BC7A040403}.Release|x86.ActiveCfg = Release|Win32
		{47906E95-D637-4239-8791-56BC7A040403}.Release|x86.Build.0 = Release|Win32
		{15CCF53B-EBC6-4FBA-A2EC-F1EF054DD6A0}.Debug|x64.ActiveCfg = Debug|x64
		{15CCF53B-EBC6-4FBA-A2EC-F1EF054DD6A0}.Debug|x64.Build.0 = Debug|x64
		{15CCF53B-EBC6-4FBA-A2EC-F1EF054DD6A0}.Debug|x86.ActiveCfg = Debug|Win32
		{15CCF53B-EBC6-4FBA-A2EC-F1EF054DD6A0}.Debug|x86.Build.0 = Debug|Win32
		{15CCF53B-EBC6-4FBA-A2EC-F1EF054DD6A0}.Release|x64.ActiveCfg = Release|x64
		{15CCF53B-EBC6-4FBA-A2EC-F1EF054DD6A0}.Release|x64.Build.0 = Release|x64
		{15CCF53B-EBC6-4FBA-A2EC-F1EF054DD6A0}.Release|x86.ActiveCfg = Release|Win32
		{15CCF53B-EBC6-4FBA-A2EC-F1EF054DD6A0}.Release|x86.Build.0 = Release|Win32
		{EF29215E-94BA-406C-9E6A-5938FC47C128}.Debug|x64.ActiveCfg = Debug|x64
		{EF29215E-94BA-406C-9E6A-5938FC47C128}.Debug|x64.Build.0 = Debug|x64
		{EF29215E-94BA-406C-9E6A-5938FC47C128}.Debug|x86.ActiveCfg = Debug|Win32
		{EF29215E-94BA-406C-9E6A-5938FC47C128}.Debug|x86.Build.0 = Debug|Win32
		{EF29215E-94BA-406C-9E6A-5938FC47C128}.Release|x64.ActiveCfg = Release|x64
		{EF29215E-94BA-406C-9E6A-5938FC47C128}.Release|x64.Build.0 = Release|x64
		{EF29215E-94BA-406C-9E6A-5938FC47C128}.Release|x86.ActiveCfg = Release|Win32
		{EF29215E-94BA-406C-9E6A-5938FC47C128}.Release|x86.Build.0 = Release|Win32
		{6D211043-7A0A-4972-B1A5-8E8166B80DD2}.Debug|x64.ActiveCfg = Debug|x64
		{6D211043-7A0A-4972-B1A5-8E8166B80DD2}.Debug|x64.Build.0 = Debug|x64
		{6D211043-7A0A-4972-B1A5-8E8166B80DD2}.Debug|x86.ActiveCfg = Debug|Win32
		{6D211043-7A0A-4972-B1A5-8E8166B80DD2}.Debug|x86.Build.0 = Debug|Win32
		{6D211043-7A0A-4972-B1A5-8E8166B80DD2}.Release|x64.ActiveCfg = Release|x64
		{6D211043-7A0A-4972-B1A5-8E8166B80DD2}.Release|x64.Build.0 = Release|x64
		{6D211043-7A0A-4972-B1A5-8E8166B80DD2}.Release|x86.ActiveCfg = Release|Win32
		{6D211043-7A0A-4972-B1A5-8E8166B80DD2}.Release|x86.Build.0 = Release|Win32
		{AAF1C6C4-72F1-4517-BD17-3FEA099749A7}.Debug|x64.ActiveCfg = Debug|x64
		{AAF1C6C4-72F1-4517-BD17-3FEA099749A7}.Debug|x64.Build.0 = Debug|x64
		{AAF1C6C4-72F1-4517-BD17-3FEA099749A7}.Debug|x86.ActiveCfg = Debug|Win32
		{AAF1C6C4-72F1-4517-BD17-3FEA099749A7}.Debug|x86.Build.0 = Debug|Win32
		{AAF1C6C4-72F1-4517-BD17-3FEA099749A7}.Release|x64.ActiveCfg = Release|x64
		{AAF1C6C4-72F1-4517-BD17-3FEA099749A7}.Release|x64.Build.0 = Release|x64
		{AAF1C6C4-72F1-4517-BD17-3FEA099749A7}.Release|x86.ActiveCfg = Release|Win32
		{AAF1C6C4-72F1-4517-BD17-3FEA099749A7}.Release|x86.Build.0 = Release|Win32
		{F6397654-3F20-479C-A633-2B49675CB517}.Debug|x64.ActiveCfg = Debug|x64
		{F6397654-3F20-479C-A633-2B49675CB517}.Debug|x64.Build.0 = Debug|x64
		{F6397654-3F20-479C-A633-2B49675CB517}.Debug|x86.ActiveCfg = Debug|Win32
		{F6397654-3F20-479C-A633-2B49675CB517}.Debug|x86.Build.0 = Debug|Win32
		{F6397654-3F20-479C-A633-2B49675CB517}.Release|x64.ActiveCfg = Release|x64
		{F6397654-3F20-479C-A633-2B49675CB517}.Release|x64.Build.0 = Release|x64
		{F6397654-3F20-479C-A633-2B49675CB517}.Release|x86.ActiveCfg = Release|Win32
		{F6397654-3F20-479C-A633-2B49675CB517}.Release|x86.Build.0 = Release|Win32
		{4229ED09-C7E2-4BB8-9856-E4685244A7F7}.Debug|x64.ActiveCfg = Debug|x64
		{4229ED09-C7E2-4BB8-9856-E4685244A7F7}.Debug|x64.Build.0 = Debug|x64
		{4229ED09-C7E2-4BB8-9856-E4685244A7F7}.Debug|x86.ActiveCfg = Debug|Win32
		{4229ED09-C7E2-4BB8-9856-E4685244A7F7}.Debug|x86.Build.0 = Debug|Win32
		{4229ED09-C7E2-4BB8-9856-E4685244A7F7}.Release|x64.ActiveCfg = Release|x64
		{4229ED09-C7E2-4BB8-9856-E4685244A7F7}.Release|x64.Build.0 = Release|x64
		{4229ED09-C7E2-4BB8-9856-E4685244A7F7}.Release|x86.ActiveCfg = Release|Win32
		{4229ED09-C7E2-4BB8-9856-E4685244A7F7}.Release|x86.Build.0 = Release|Win32
		{15B53F9C-5148-4BE6-8C67-CB8C851FDB2C}.Debug|x64.ActiveCfg = Debug|x64
		{15B53F9C-5148-4BE6-8C67-CB8C851FDB2C}.Debug|x64.Build.0 = Debug|x64
		{15B53F9C-5148-4BE6-8C67-CB8C851FDB2C}.Debug|x86.ActiveCfg = Debug|Win32
		{15B53F9C-5148-4BE6-8C67-CB8C851FDB2C}.Debug|x86.Build.0 = Debug|Win32
		{15B53F9C-5148-4BE6-8C67-CB8C851FDB2C}.Release|x64.ActiveCfg = Release|x64
		{15B53F9C-5148-4BE6-8C67-CB8C851FDB2C}.Release|x64.Build.0 = Release|x64
		{15B53F9C-5148-4BE6-8C67-CB8C851FDB2C}.Release|x86.ActiveCfg = Release|Win32
		{15B53F9C-5148-4BE6-8C67-CB8C851FDB2C}.Release|x86.Build.0 = Release|Win32
		{00503AEE-84F0-4B0A-B3A7-578248BB14C3}.Debug|x64.ActiveCfg = Debug|x64
		{00503AEE-84F0-4B0A-B3A7-578248BB14C3}.Debug|x64.Build.0 = Debug|x64
		{00503AEE-84F0-4B0A-B3A7-578248BB14C3}.Debug|x86.ActiveCfg = Debug|Win32
		{00503AEE-84F0-4B0A-B3A7-578248BB14C3}.Debug|x86.Build.0 = Debug|Win32
		{00503AEE-84F0-4B0A-B3A7-578248BB14C3}.Release|x64.ActiveCfg = Release|x64
		{00503AEE-84F0-4B0A-B3A7-578248BB14C3}.Release|x64.Build.0 = Release|x64
		{00503AEE-84F0-4B0A-B3A7-578248BB14C3}.Release|x86.ActiveCfg = Release|Win32
		{00503AEE-84F0-4B0A-B3A7-578248BB14C3}.Release|x86.Build.0 = Release|Win32
		{A1D06477-3363-4038-B20E-B3BD3A29DCB8}.Debug|x64.ActiveCfg = Debug|x64
		{A1D06477-3363-4038-B20E-B3BD3A29DCB8}.Debug|x64.Build.0 = Debug|x64
		{A1D06477-3363-4038-B20E-B3BD3A29DCB8}.Debug|x86.ActiveCfg = Debug|Win32
		{A1D06477-3363-4038-B20E-B3BD3A29DCB8}.Debug|x86.Build.0 = Debug|Win32
		{A1D06477-3363-4038-B20E-B3BD3A29DCB8}.Release|x64.ActiveCfg = Release|x64
		{A1D06477-3363-4038-B20E-B3BD3A29DCB8}.Release|x64.Build.0 = Release|x64
		{A1D06477-3363-4038-B20E-B3BD3A29DCB8}.Release|x86.ActiveCfg = Release|Win32
		{A1D06477-3363-4038-B20E-B3BD3A29DCB8}.Release|x86.Build.0 = Release|Win32
		{C1625DAF-9B02-4BEA-9CD9-A64886450B72}.Debug|x64.ActiveCfg = Debug|x64
		{C1625DAF-9B02-4BEA-9CD9-A64886450B72}.Debug|x64.Build.0 = Debug|x64
		{C1625DAF-9B02-4BEA-9CD9-A64886450B72}.Debug|x86.ActiveCfg = Debug|Win32
		{C1625DAF-9B02-4BEA-9CD9-A64886450B72}.Debug|x86.Build.0 = Debug|Win32
		{C1625DAF-9B02-4BEA-9CD9-A64886450B72}.Release|x64.ActiveCfg = Release|x64
		{C1625DAF-9B02-4BEA-9CD9-A64886450B72}.Release|x64.Build.0 = Release|x64
		{C1625DAF-9B02-4BEA-9CD9-A64886450B72}.Release|x86.ActiveCfg = Release|Win32
		{C1625DAF-9B02-4BEA-9CD9-A64886450B72}.Release|x86.Build.0 = Release|Win32
		{890816BC-2DFE-4E41-8FDF-F05C4E33D267}.Debug|x64.ActiveCfg = Debug|x64
		{890816BC-2DFE-4E41-8FDF-F05C4E33D267}.Debug|x64.Build.0 = Debug|x64
		{890816BC-2DFE-4E41-8FDF-F05C4E33D267}.Debug|x86.ActiveCfg = Debug|Win32
		{890816BC-2DFE-4E41-8FDF-F05C4E33D267}.Debug|x86.Build.0 = Debug|Win32
		{890816BC-2DFE-4E41-8FDF-F05C4E33D267}.Release|x64.ActiveCfg = Release|x64
		{890816BC-2DFE-4E41-8FDF-F05C4E33D267}.Release|x64.Build.0 = Release|x64
		{890816BC-2DFE-4E41-8FDF-F05C4E33D267}.Release|x86.ActiveCfg = Release|Win32
		{890816BC-2DFE-4E41-8FDF-F05C4E33D267}.Release|x86.Build.0 = Release|Win32
		{B1B284B9-C172-423B-A81E-50AC257D49E4}.Debug|x64.ActiveCfg = Debug|x64
		{B1B284B9-C172-423B-A81E-50AC257D49E4}.Debug|x64.Build.0 = Debug|x64
		{B1B284B9-C172-423B-A81E-50AC257D49E4}.Debug|x86.ActiveCfg = Debug|Win32
		{B1B284B9-C172-423B-A81E-50AC257D49E4}.Debug|x86.Build.0 = Debug|Win32
		{B1B284B9-C172-423B-A81E-50AC257D49E4}.Release|x64.ActiveCfg = Release|x64
		{B1B284B9-C172-423B-A81E-50AC257D49E4}.Release|x64.Build.0 = Release|x64
		{B1B284B9-C172-423B-A81E-50AC257D49E4}.Release|x86.ActiveCfg = Release|Win32
		{B1B284B9-C172-423B-A81E-50AC257D49E4}.Release|x86.Build.0 = Release|Win32
		{E88611EA-E989-4D26-B726-1AFE5310BB3A}.Debug|x64.ActiveCfg = Debug|x64
		{E88611EA-E989-4D26-B726-1AFE5310BB3A}.Debug|x64.Build.0 = Debug|x64
		{E88611EA-E989-4D26-B726-1AFE5310BB3A}.Debug|x86.ActiveCfg = Debug|Win32
		{E88611EA-E989-4D26-B726-1AFE5310BB3A}.Debug|x86.Build.0 = Debug|Win32
		{E88611EA-E989-4D26-B726-1AFE5310BB3A}.Release|x64.ActiveCfg = Release|x64
		{E88611EA-E989-4D26-B726-1AFE5310BB3A}.Release|x64.Build.0 = Release|x64
		{E88611EA-E989-4D26-B726-1AFE5310BB3A}.Release|x86.ActiveCfg = Release|Win32
		{E88611EA-E989-4D26-B726-1AFE5310BB3A}.Release|x86.Build.0 = Release|Win32
		{CC22132C-E18E-48FF-BDCC-C46C1D827B3B}.Debug|x64.ActiveCfg = Debug|x64
		{CC22132C-E18E-48FF-BDCC-C46C1D827B3B}.Debug|x64.Build.0 = Debug|x64
		{CC22132C-E18E-48FF-BDCC-C46C1D827B3B}.Debug|x86.ActiveCfg = Debug|Win32
		{CC22132C-E18E-48FF-BDCC-C46C1D827B3B}.Debug|x86.Build.0 = Debug|Win32
		{CC22132C-E18E-48FF-BDCC-C46C1D827B3B}.Release|x64.ActiveCfg = Release|x64
		{CC22132C-E18E-48FF-BDCC-C46C1D827B3B}.Release|x64.Build.0 = Release|x64
		{CC22132C-E18E-48FF-BDCC-C46C1D827B3B}.Release|x86.ActiveCfg = Release|Win32
		{CC22132C-E18E-48FF-BDCC-C46C1D827B3B}.Release|x86.Build.0 = Release|Win32
		{2067E884-90DB-4CFD-AF37-12908F4BB80E}.Debug|x64.ActiveCfg = Debug|x64
		{2067E884-90DB-4CFD-AF37-12908F4BB80E}.Debug|x64.Build.0 = Debug|x64
		{2067E884-90DB-4CFD-AF37-12908F4BB80E}.Debug|x86.ActiveCfg = Debug|Win32
		{2067E884-90DB-4CFD-AF37-12908F4BB80E}.Debug|x86.Build.0 = Debug|Win32
		{2067E884-90DB-4CFD-AF37-12908F4BB80E}.Release|x64.ActiveCfg = Release|x64
		{2067E884-90DB-4CFD-AF37-12908F4BB80E}.Release|x64.Build.0 = Release|x64
		{2067E884-90DB-4CFD-AF37-12908F4BB80E}.Release|x86.ActiveCfg = Release|Win32
		{2067E884-90DB-4CFD-AF37-12908F4BB80E}.Release|x86.Build.0 = Release|Win32
	EndGlobalSection
	GlobalSection(SolutionProperties) = preSolution
		HideSolutionNode = FALSE
	EndGlobalSection
	GlobalSection(ExtensibilityGlobals) = postSolution
		SolutionGuid = {41C37C19-2C49-4FA4-927D-FF9A6DC6C4A0}
	EndGlobalSection
EndGlobal
